{
  "name": "remitojs-core",
  "version": "0.0.3",
  "lockfileVersion": 3,
  "requires": true,
  "packages": {
    "": {
      "name": "remitojs-core",
      "version": "0.0.3",
      "license": "MIT",
      "dependencies": {
        "remitojs-shared": "0.0.3",
        "remitojs-types": "0.0.3",
        "remitojs-utils": "0.0.3"
      }
    },
    "node_modules/@types/wechat-miniprogram": {
      "version": "3.4.7",
      "resolved": "https://registry.npmjs.org/@types/wechat-miniprogram/-/wechat-miniprogram-3.4.7.tgz",
      "integrity": "sha512-X6SVOOaTPQN24lYBSV5jLuWyIedx8DGJnT0VUBnoNzJruhxotCL28ecGb7AO5JfXOXtHqSS5+CnJ70NxFxmisA=="
    },
    "node_modules/remitojs-core": {
      "version": "0.0.3",
      "resolved": "https://registry.npmjs.org/remitojs-core/-/remitojs-core-0.0.3.tgz",
      "integrity": "sha512-txrz4b6EGP3EnYaVkwrz8L0dT2AtomlbF6ZdxogQsN0TVHdg02rTlaECAsgsxAV2QXJOuRmEKYNAEWS5iS8v1A==",
      "dependencies": {
        "remitojs-shared": "0.0.3",
        "remitojs-types": "0.0.3",
        "remitojs-utils": "0.0.3"
      }
    },
    "node_modules/remitojs-shared": {
      "version": "0.0.3",
      "resolved": "https://registry.npmjs.org/remitojs-shared/-/remitojs-shared-0.0.3.tgz",
      "integrity": "sha512-TRX1YivFF1ulPPt/d7UlnouNeownlZbReSm0CAnOB8+Yhql6dQErT/o6cfbIP22bLMZIg+4hAjppRG4YWs+uyQ=="
    },
    "node_modules/remitojs-types": {
      "version": "0.0.3",
      "resolved": "https://registry.npmjs.org/remitojs-types/-/remitojs-types-0.0.3.tgz",
      "integrity": "sha512-RX59E3s8/3MDNRxod4fZtAarYxNMUQG7xMXmDtQAQqEnSaQMgdwImJQDZj9H43ALF6jMqUtgyEpQENSqoItyog==",
      "dependencies": {
        "@types/wechat-miniprogram": "^3.1.0",
        "remitojs-core": "0.0.3",
        "remitojs-shared": "0.0.3",
        "remitojs-utils": "0.0.3"
      }
    },
    "node_modules/remitojs-utils": {
      "version": "0.0.3",
      "resolved": "https://registry.npmjs.org/remitojs-utils/-/remitojs-utils-0.0.3.tgz",
      "integrity": "sha512-FnxEtLNImBF8U008H3+A0D5FVqM5TtEPep3t2yOrM9bxksMl9CeDEwcLRksresYdylitnJJOXU8yKqe2kKT3sA==",
      "dependencies": {
        "remitojs-shared": "0.0.3",
        "remitojs-types": "0.0.3"
      }
    }
  }
}
