# THIS IS AN AUTOGENERATED FILE. DO NOT EDIT THIS FILE DIRECTLY.
# yarn lockfile v1


"remitojs-core@file:../remitojs-core":
  version "0.0.1"
  resolved "file:../remitojs-core"
  dependencies:
    remitojs-shared "0.0.2"
    remitojs-types "0.0.1"
    remitojs-utils "0.0.1"

remitojs-shared@0.0.2:
  version "0.0.2"
  resolved "file:../remitojs-shared"

remitojs-types@0.0.1:
  version "0.0.1"
  resolved "file:../remitojs-types"
  dependencies:
    "@types/wechat-miniprogram" "^3.1.0"
    remitojs-core "0.0.1"
    remitojs-shared "0.0.2"
    remitojs-utils "0.0.1"

remitojs-utils@0.0.1:
  version "0.0.1"
  resolved "file:../remitojs-utils"
  dependencies:
    remitojs-shared "0.0.2"
    remitojs-types "0.0.1"
